
Microsoft Visual Studio Solution File, Format Version 12.00
# Visual Studio Version 16
VisualStudioVersion = 16.0.29519.181
MinimumVisualStudioVersion = 10.0.40219.1
Project("{FAE04EC0-301F-11D3-BF4B-00C04F79EFBC}") = "NWA.PlanChecker", "NWA.PlanChecker.csproj", "{D5595D07-A423-4B96-82A6-AD7CE7B55AB4}"
EndProject
Project("{FAE04EC0-301F-11D3-BF4B-00C04F79EFBC}") = "NWA.PlanCheckerTests", "..\NWA.PlanCheckerTests\NWA.PlanCheckerTests.csproj", "{1E64C910-EDBE-44E9-805D-6F398133EB38}"
EndProject
Global
	GlobalSection(SolutionConfigurationPlatforms) = preSolution
		Debug|Any CPU = Debug|Any CPU
		Debug|x64 = Debug|x64
		Release|Any CPU = Release|Any CPU
		Release|x64 = Release|x64
	EndGlobalSection
	GlobalSection(ProjectConfigurationPlatforms) = postSolution
		{D5595D07-A423-4B96-82A6-AD7CE7B55AB4}.Debug|Any CPU.ActiveCfg = Debug|Any CPU
		{D5595D07-A423-4B96-82A6-AD7CE7B55AB4}.Debug|Any CPU.Build.0 = Debug|Any CPU
		{D5595D07-A423-4B96-82A6-AD7CE7B55AB4}.Debug|x64.ActiveCfg = Debug|x64
		{D5595D07-A423-4B96-82A6-AD7CE7B55AB4}.Debug|x64.Build.0 = Debug|x64
		{D5595D07-A423-4B96-82A6-AD7CE7B55AB4}.Release|Any CPU.ActiveCfg = Release|Any CPU
		{D5595D07-A423-4B96-82A6-AD7CE7B55AB4}.Release|Any CPU.Build.0 = Release|Any CPU
		{D5595D07-A423-4B96-82A6-AD7CE7B55AB4}.Release|x64.ActiveCfg = Release|x64
		{D5595D07-A423-4B96-82A6-AD7CE7B55AB4}.Release|x64.Build.0 = Release|x64
		{1E64C910-EDBE-44E9-805D-6F398133EB38}.Debug|Any CPU.ActiveCfg = Debug|Any CPU
		{1E64C910-EDBE-44E9-805D-6F398133EB38}.Debug|Any CPU.Build.0 = Debug|Any CPU
		{1E64C910-EDBE-44E9-805D-6F398133EB38}.Debug|x64.ActiveCfg = Debug|Any CPU
		{1E64C910-EDBE-44E9-805D-6F398133EB38}.Debug|x64.Build.0 = Debug|Any CPU
		{1E64C910-EDBE-44E9-805D-6F398133EB38}.Release|Any CPU.ActiveCfg = Release|Any CPU
		{1E64C910-EDBE-44E9-805D-6F398133EB38}.Release|Any CPU.Build.0 = Release|Any CPU
		{1E64C910-EDBE-44E9-805D-6F398133EB38}.Release|x64.ActiveCfg = Release|Any CPU
		{1E64C910-EDBE-44E9-805D-6F398133EB38}.Release|x64.Build.0 = Release|Any CPU
	EndGlobalSection
	GlobalSection(SolutionProperties) = preSolution
		HideSolutionNode = FALSE
	EndGlobalSection
	GlobalSection(ExtensibilityGlobals) = postSolution
		SolutionGuid = {6A923BD2-8232-4906-81D4-400B223C3958}
	EndGlobalSection
EndGlobal
